
Microsoft Visual Studio Solution File, Format Version 12.00
# Visual Studio Version 16
VisualStudioVersion = 16.0.30204.135
MinimumVisualStudioVersion = 10.0.40219.1
Project("{FAE04EC0-301F-11D3-BF4B-00C04F79EFBC}") = "Cat Robot", "Cat Robot.csproj", "{858066C7-AD98-43A8-ACE0-46E6A02848E6}"
EndProject
Global
	GlobalSection(SolutionConfigurationPlatforms) = preSolution
		Debug|Any CPU = Debug|Any CPU
		Release|Any CPU = Release|Any CPU
	EndGlobalSection
	GlobalSection(ProjectConfigurationPlatforms) = postSolution
		{858066C7-AD98-43A8-ACE0-46E6A02848E6}.Debug|Any CPU.ActiveCfg = Debug|Any CPU
		{858066C7-AD98-43A8-ACE0-46E6A02848E6}.Debug|Any CPU.Build.0 = Debug|Any CPU
		{858066C7-AD98-43A8-ACE0-46E6A02848E6}.Release|Any CPU.ActiveCfg = Release|Any CPU
		{858066C7-AD98-43A8-ACE0-46E6A02848E6}.Release|Any CPU.Build.0 = Release|Any CPU
	EndGlobalSection
	GlobalSection(SolutionProperties) = preSolution
		HideSolutionNode = FALSE
	EndGlobalSection
	GlobalSection(ExtensibilityGlobals) = postSolution
		SolutionGuid = {5F593FD9-A30D-4F70-838D-73F572951D4A}
	EndGlobalSection
EndGlobal
